
Microsoft Visual Studio Solution File, Format Version 12.00
# Visual Studio 15
VisualStudioVersion = 15.0.28307.757
MinimumVisualStudioVersion = 10.0.40219.1
Project("{2150E333-8FDC-42A3-9474-1A3956D46DE8}") = "01.Framework", "01.Framework", "{BDE6E425-88E6-447C-AD34-52FCBEDFF0BF}"
EndProject
Project("{2150E333-8FDC-42A3-9474-1A3956D46DE8}") = "02.Entities", "02.Entities", "{AB8A21E0-FF00-4124-B96D-3AD8E65DE3D1}"
EndProject
Project("{2150E333-8FDC-42A3-9474-1A3956D46DE8}") = "03.Common", "03.Common", "{719CBE8F-CA71-4929-A58B-F64567585C41}"
EndProject
Project("{2150E333-8FDC-42A3-9474-1A3956D46DE8}") = "04.Repository", "04.Repository", "{4FAC9307-0682-4E8C-B50D-1D7A0D745D9E}"
EndProject
Project("{2150E333-8FDC-42A3-9474-1A3956D46DE8}") = "05.Business", "05.Business", "{84C56EDE-EEA2-428C-86E6-F7A726B2B59B}"
EndProject
Project("{2150E333-8FDC-42A3-9474-1A3956D46DE8}") = "06.API", "06.API", "{87B33B6C-A7CD-4689-BD55-C387654DB91A}"
EndProject
Project("{2150E333-8FDC-42A3-9474-1A3956D46DE8}") = "07.Presentation", "07.Presentation", "{CE638E6C-DF17-41A9-A34F-01AC4E20555B}"
EndProject
Project("{2150E333-8FDC-42A3-9474-1A3956D46DE8}") = "08.Realtime", "08.Realtime", "{D0E3178A-A5A6-4F65-89B0-85585FF29B82}"
EndProject
Project("{2150E333-8FDC-42A3-9474-1A3956D46DE8}") = "09.Server", "09.Server", "{A389C93B-3D76-4B53-AA2B-D4084A4DF052}"
EndProject
Project("{2150E333-8FDC-42A3-9474-1A3956D46DE8}") = "10.Client", "10.Client", "{7AF8FBE3-160C-45AA-9D76-BF5E0C52CB49}"
EndProject
Project("{FAE04EC0-301F-11D3-BF4B-00C04F79EFBC}") = "LF.Framework.Mvc", "01.Framework\LF.Framework.Mvc\LF.Framework.Mvc.csproj", "{750665ED-5A2D-4FCE-B34E-B9D36D1D62CE}"
EndProject
Project("{FAE04EC0-301F-11D3-BF4B-00C04F79EFBC}") = "PA.Framework", "01.Framework\PAFamework\PA.Framework.csproj", "{A1FB7498-B268-44A6-948F-15F7FE600D29}"
EndProject
Project("{9A19103F-16F7-4668-BE54-9A1E7A4F7556}") = "QueryBuilder", "01.Framework\QueryBuilder\QueryBuilder.csproj", "{E1AF728A-2F56-4CA0-BCE9-B5F7047394CF}"
EndProject
Project("{FAE04EC0-301F-11D3-BF4B-00C04F79EFBC}") = "SimpleTCP", "01.Framework\SimpleTCP\SimpleTCP.csproj", "{C9C99F87-E188-49D2-A323-09FE79F39F8D}"
EndProject
Project("{9A19103F-16F7-4668-BE54-9A1E7A4F7556}") = "SqlKata.Execution", "01.Framework\SqlKata.Execution\SqlKata.Execution.csproj", "{1DC565C3-5C3F-4187-B188-C16F911F46DA}"
EndProject
Project("{FAE04EC0-301F-11D3-BF4B-00C04F79EFBC}") = "PA.Entities", "02.Entity\PA.Entities\PA.Entities.csproj", "{183F2FBC-825D-478D-B4EF-AB0CA99DD742}"
EndProject
Project("{FAE04EC0-301F-11D3-BF4B-00C04F79EFBC}") = "PA.Common", "03.Common\PA.Common\PA.Common.csproj", "{41ACAACC-3033-400A-AF65-0E5F9A4D6254}"
EndProject
Project("{FAE04EC0-301F-11D3-BF4B-00C04F79EFBC}") = "PA.Repository", "04.Repository\PA.Repository\PA.Repository.csproj", "{76A0440A-91E1-454C-AEAB-6882AE8A38EE}"
EndProject
Project("{FAE04EC0-301F-11D3-BF4B-00C04F79EFBC}") = "PA.API", "06.API\PA.API\PA.API.csproj", "{6379835A-C648-4E3C-BD5D-726DA625AF55}"
EndProject
Project("{FAE04EC0-301F-11D3-BF4B-00C04F79EFBC}") = "ServerManager", "09.Server\ServerManager\ServerManager.csproj", "{3E0E93F0-B846-4284-963E-B5876659DB8A}"
EndProject
Project("{FAE04EC0-301F-11D3-BF4B-00C04F79EFBC}") = "Base", "10.Client\Base\Base.csproj", "{980104BF-61A9-4C0E-8FB6-DD48E8D37854}"
EndProject
Project("{FAE04EC0-301F-11D3-BF4B-00C04F79EFBC}") = "Launcher", "10.Client\Launcher\Launcher.csproj", "{3AFC5231-9CA4-49AE-979E-1F92F45FBCEB}"
EndProject
Project("{FAE04EC0-301F-11D3-BF4B-00C04F79EFBC}") = "ZeroEye", "10.Client\ZeroEye\ZeroEye.csproj", "{825700A8-3C7C-4CB2-A692-A4F37FC6C04C}"
EndProject
Project("{FAE04EC0-301F-11D3-BF4B-00C04F79EFBC}") = "Core", "10.Client\Core\Core.csproj", "{682EA0DA-D20B-40AA-BE7E-5D7763101B2D}"
EndProject
Project("{FAE04EC0-301F-11D3-BF4B-00C04F79EFBC}") = "NodeJS", "08.Realtime\NodeJS\NodeJS.csproj", "{A62FA553-1DFC-4BC8-AB5D-7FC8688EC8AC}"
EndProject
Global
	GlobalSection(SolutionConfigurationPlatforms) = preSolution
		Debug|Any CPU = Debug|Any CPU
		Debug|x86 = Debug|x86
		Release|Any CPU = Release|Any CPU
		Release|x86 = Release|x86
	EndGlobalSection
	GlobalSection(ProjectConfigurationPlatforms) = postSolution
		{750665ED-5A2D-4FCE-B34E-B9D36D1D62CE}.Debug|Any CPU.ActiveCfg = Debug|Any CPU
		{750665ED-5A2D-4FCE-B34E-B9D36D1D62CE}.Debug|Any CPU.Build.0 = Debug|Any CPU
		{750665ED-5A2D-4FCE-B34E-B9D36D1D62CE}.Debug|x86.ActiveCfg = Debug|x86
		{750665ED-5A2D-4FCE-B34E-B9D36D1D62CE}.Debug|x86.Build.0 = Debug|x86
		{750665ED-5A2D-4FCE-B34E-B9D36D1D62CE}.Release|Any CPU.ActiveCfg = Release|Any CPU
		{750665ED-5A2D-4FCE-B34E-B9D36D1D62CE}.Release|Any CPU.Build.0 = Release|Any CPU
		{750665ED-5A2D-4FCE-B34E-B9D36D1D62CE}.Release|x86.ActiveCfg = Release|x86
		{750665ED-5A2D-4FCE-B34E-B9D36D1D62CE}.Release|x86.Build.0 = Release|x86
		{A1FB7498-B268-44A6-948F-15F7FE600D29}.Debug|Any CPU.ActiveCfg = Debug|Any CPU
		{A1FB7498-B268-44A6-948F-15F7FE600D29}.Debug|Any CPU.Build.0 = Debug|Any CPU
		{A1FB7498-B268-44A6-948F-15F7FE600D29}.Debug|x86.ActiveCfg = Debug|x86
		{A1FB7498-B268-44A6-948F-15F7FE600D29}.Debug|x86.Build.0 = Debug|x86
		{A1FB7498-B268-44A6-948F-15F7FE600D29}.Release|Any CPU.ActiveCfg = Release|Any CPU
		{A1FB7498-B268-44A6-948F-15F7FE600D29}.Release|Any CPU.Build.0 = Release|Any CPU
		{A1FB7498-B268-44A6-948F-15F7FE600D29}.Release|x86.ActiveCfg = Release|x86
		{A1FB7498-B268-44A6-948F-15F7FE600D29}.Release|x86.Build.0 = Release|x86
		{E1AF728A-2F56-4CA0-BCE9-B5F7047394CF}.Debug|Any CPU.ActiveCfg = Debug|Any CPU
		{E1AF728A-2F56-4CA0-BCE9-B5F7047394CF}.Debug|Any CPU.Build.0 = Debug|Any CPU
		{E1AF728A-2F56-4CA0-BCE9-B5F7047394CF}.Debug|x86.ActiveCfg = Debug|x86
		{E1AF728A-2F56-4CA0-BCE9-B5F7047394CF}.Debug|x86.Build.0 = Debug|x86
		{E1AF728A-2F56-4CA0-BCE9-B5F7047394CF}.Release|Any CPU.ActiveCfg = Release|Any CPU
		{E1AF728A-2F56-4CA0-BCE9-B5F7047394CF}.Release|Any CPU.Build.0 = Release|Any CPU
		{E1AF728A-2F56-4CA0-BCE9-B5F7047394CF}.Release|x86.ActiveCfg = Release|x86
		{E1AF728A-2F56-4CA0-BCE9-B5F7047394CF}.Release|x86.Build.0 = Release|x86
		{C9C99F87-E188-49D2-A323-09FE79F39F8D}.Debug|Any CPU.ActiveCfg = Debug|Any CPU
		{C9C99F87-E188-49D2-A323-09FE79F39F8D}.Debug|Any CPU.Build.0 = Debug|Any CPU
		{C9C99F87-E188-49D2-A323-09FE79F39F8D}.Debug|x86.ActiveCfg = Debug|Any CPU
		{C9C99F87-E188-49D2-A323-09FE79F39F8D}.Debug|x86.Build.0 = Debug|Any CPU
		{C9C99F87-E188-49D2-A323-09FE79F39F8D}.Release|Any CPU.ActiveCfg = Release|Any CPU
		{C9C99F87-E188-49D2-A323-09FE79F39F8D}.Release|Any CPU.Build.0 = Release|Any CPU
		{C9C99F87-E188-49D2-A323-09FE79F39F8D}.Release|x86.ActiveCfg = Release|Any CPU
		{C9C99F87-E188-49D2-A323-09FE79F39F8D}.Release|x86.Build.0 = Release|Any CPU
		{1DC565C3-5C3F-4187-B188-C16F911F46DA}.Debug|Any CPU.ActiveCfg = Debug|Any CPU
		{1DC565C3-5C3F-4187-B188-C16F911F46DA}.Debug|Any CPU.Build.0 = Debug|Any CPU
		{1DC565C3-5C3F-4187-B188-C16F911F46DA}.Debug|x86.ActiveCfg = Debug|x86
		{1DC565C3-5C3F-4187-B188-C16F911F46DA}.Debug|x86.Build.0 = Debug|x86
		{1DC565C3-5C3F-4187-B188-C16F911F46DA}.Release|Any CPU.ActiveCfg = Release|Any CPU
		{1DC565C3-5C3F-4187-B188-C16F911F46DA}.Release|Any CPU.Build.0 = Release|Any CPU
		{1DC565C3-5C3F-4187-B188-C16F911F46DA}.Release|x86.ActiveCfg = Release|x86
		{1DC565C3-5C3F-4187-B188-C16F911F46DA}.Release|x86.Build.0 = Release|x86
		{183F2FBC-825D-478D-B4EF-AB0CA99DD742}.Debug|Any CPU.ActiveCfg = Debug|Any CPU
		{183F2FBC-825D-478D-B4EF-AB0CA99DD742}.Debug|Any CPU.Build.0 = Debug|Any CPU
		{183F2FBC-825D-478D-B4EF-AB0CA99DD742}.Debug|x86.ActiveCfg = Debug|Any CPU
		{183F2FBC-825D-478D-B4EF-AB0CA99DD742}.Debug|x86.Build.0 = Debug|Any CPU
		{183F2FBC-825D-478D-B4EF-AB0CA99DD742}.Release|Any CPU.ActiveCfg = Release|Any CPU
		{183F2FBC-825D-478D-B4EF-AB0CA99DD742}.Release|Any CPU.Build.0 = Release|Any CPU
		{183F2FBC-825D-478D-B4EF-AB0CA99DD742}.Release|x86.ActiveCfg = Release|Any CPU
		{183F2FBC-825D-478D-B4EF-AB0CA99DD742}.Release|x86.Build.0 = Release|Any CPU
		{41ACAACC-3033-400A-AF65-0E5F9A4D6254}.Debug|Any CPU.ActiveCfg = Debug|Any CPU
		{41ACAACC-3033-400A-AF65-0E5F9A4D6254}.Debug|Any CPU.Build.0 = Debug|Any CPU
		{41ACAACC-3033-400A-AF65-0E5F9A4D6254}.Debug|x86.ActiveCfg = Debug|x86
		{41ACAACC-3033-400A-AF65-0E5F9A4D6254}.Debug|x86.Build.0 = Debug|x86
		{41ACAACC-3033-400A-AF65-0E5F9A4D6254}.Release|Any CPU.ActiveCfg = Release|Any CPU
		{41ACAACC-3033-400A-AF65-0E5F9A4D6254}.Release|Any CPU.Build.0 = Release|Any CPU
		{41ACAACC-3033-400A-AF65-0E5F9A4D6254}.Release|x86.ActiveCfg = Release|x86
		{41ACAACC-3033-400A-AF65-0E5F9A4D6254}.Release|x86.Build.0 = Release|x86
		{76A0440A-91E1-454C-AEAB-6882AE8A38EE}.Debug|Any CPU.ActiveCfg = Debug|Any CPU
		{76A0440A-91E1-454C-AEAB-6882AE8A38EE}.Debug|Any CPU.Build.0 = Debug|Any CPU
		{76A0440A-91E1-454C-AEAB-6882AE8A38EE}.Debug|x86.ActiveCfg = Debug|Any CPU
		{76A0440A-91E1-454C-AEAB-6882AE8A38EE}.Debug|x86.Build.0 = Debug|Any CPU
		{76A0440A-91E1-454C-AEAB-6882AE8A38EE}.Release|Any CPU.ActiveCfg = Release|Any CPU
		{76A0440A-91E1-454C-AEAB-6882AE8A38EE}.Release|Any CPU.Build.0 = Release|Any CPU
		{76A0440A-91E1-454C-AEAB-6882AE8A38EE}.Release|x86.ActiveCfg = Release|Any CPU
		{76A0440A-91E1-454C-AEAB-6882AE8A38EE}.Release|x86.Build.0 = Release|Any CPU
		{6379835A-C648-4E3C-BD5D-726DA625AF55}.Debug|Any CPU.ActiveCfg = Debug|Any CPU
		{6379835A-C648-4E3C-BD5D-726DA625AF55}.Debug|Any CPU.Build.0 = Debug|Any CPU
		{6379835A-C648-4E3C-BD5D-726DA625AF55}.Debug|x86.ActiveCfg = Debug|x86
		{6379835A-C648-4E3C-BD5D-726DA625AF55}.Debug|x86.Build.0 = Debug|x86
		{6379835A-C648-4E3C-BD5D-726DA625AF55}.Release|Any CPU.ActiveCfg = Release|Any CPU
		{6379835A-C648-4E3C-BD5D-726DA625AF55}.Release|Any CPU.Build.0 = Release|Any CPU
		{6379835A-C648-4E3C-BD5D-726DA625AF55}.Release|x86.ActiveCfg = Release|x86
		{6379835A-C648-4E3C-BD5D-726DA625AF55}.Release|x86.Build.0 = Release|x86
		{3E0E93F0-B846-4284-963E-B5876659DB8A}.Debug|Any CPU.ActiveCfg = Debug|Any CPU
		{3E0E93F0-B846-4284-963E-B5876659DB8A}.Debug|Any CPU.Build.0 = Debug|Any CPU
		{3E0E93F0-B846-4284-963E-B5876659DB8A}.Debug|x86.ActiveCfg = Debug|x86
		{3E0E93F0-B846-4284-963E-B5876659DB8A}.Debug|x86.Build.0 = Debug|x86
		{3E0E93F0-B846-4284-963E-B5876659DB8A}.Release|Any CPU.ActiveCfg = Release|Any CPU
		{3E0E93F0-B846-4284-963E-B5876659DB8A}.Release|Any CPU.Build.0 = Release|Any CPU
		{3E0E93F0-B846-4284-963E-B5876659DB8A}.Release|x86.ActiveCfg = Release|x86
		{3E0E93F0-B846-4284-963E-B5876659DB8A}.Release|x86.Build.0 = Release|x86
		{980104BF-61A9-4C0E-8FB6-DD48E8D37854}.Debug|Any CPU.ActiveCfg = Debug|Any CPU
		{980104BF-61A9-4C0E-8FB6-DD48E8D37854}.Debug|Any CPU.Build.0 = Debug|Any CPU
		{980104BF-61A9-4C0E-8FB6-DD48E8D37854}.Debug|x86.ActiveCfg = Debug|Any CPU
		{980104BF-61A9-4C0E-8FB6-DD48E8D37854}.Debug|x86.Build.0 = Debug|Any CPU
		{980104BF-61A9-4C0E-8FB6-DD48E8D37854}.Release|Any CPU.ActiveCfg = Release|Any CPU
		{980104BF-61A9-4C0E-8FB6-DD48E8D37854}.Release|Any CPU.Build.0 = Release|Any CPU
		{980104BF-61A9-4C0E-8FB6-DD48E8D37854}.Release|x86.ActiveCfg = Release|Any CPU
		{980104BF-61A9-4C0E-8FB6-DD48E8D37854}.Release|x86.Build.0 = Release|Any CPU
		{3AFC5231-9CA4-49AE-979E-1F92F45FBCEB}.Debug|Any CPU.ActiveCfg = Debug|Any CPU
		{3AFC5231-9CA4-49AE-979E-1F92F45FBCEB}.Debug|Any CPU.Build.0 = Debug|Any CPU
		{3AFC5231-9CA4-49AE-979E-1F92F45FBCEB}.Debug|x86.ActiveCfg = Debug|Any CPU
		{3AFC5231-9CA4-49AE-979E-1F92F45FBCEB}.Debug|x86.Build.0 = Debug|Any CPU
		{3AFC5231-9CA4-49AE-979E-1F92F45FBCEB}.Release|Any CPU.ActiveCfg = Release|Any CPU
		{3AFC5231-9CA4-49AE-979E-1F92F45FBCEB}.Release|Any CPU.Build.0 = Release|Any CPU
		{3AFC5231-9CA4-49AE-979E-1F92F45FBCEB}.Release|x86.ActiveCfg = Release|Any CPU
		{3AFC5231-9CA4-49AE-979E-1F92F45FBCEB}.Release|x86.Build.0 = Release|Any CPU
		{825700A8-3C7C-4CB2-A692-A4F37FC6C04C}.Debug|Any CPU.ActiveCfg = Debug|Any CPU
		{825700A8-3C7C-4CB2-A692-A4F37FC6C04C}.Debug|Any CPU.Build.0 = Debug|Any CPU
		{825700A8-3C7C-4CB2-A692-A4F37FC6C04C}.Debug|x86.ActiveCfg = Debug|Any CPU
		{825700A8-3C7C-4CB2-A692-A4F37FC6C04C}.Debug|x86.Build.0 = Debug|Any CPU
		{825700A8-3C7C-4CB2-A692-A4F37FC6C04C}.Release|Any CPU.ActiveCfg = Release|Any CPU
		{825700A8-3C7C-4CB2-A692-A4F37FC6C04C}.Release|Any CPU.Build.0 = Release|Any CPU
		{825700A8-3C7C-4CB2-A692-A4F37FC6C04C}.Release|x86.ActiveCfg = Release|Any CPU
		{825700A8-3C7C-4CB2-A692-A4F37FC6C04C}.Release|x86.Build.0 = Release|Any CPU
		{682EA0DA-D20B-40AA-BE7E-5D7763101B2D}.Debug|Any CPU.ActiveCfg = Debug|Any CPU
		{682EA0DA-D20B-40AA-BE7E-5D7763101B2D}.Debug|Any CPU.Build.0 = Debug|Any CPU
		{682EA0DA-D20B-40AA-BE7E-5D7763101B2D}.Debug|x86.ActiveCfg = Debug|Any CPU
		{682EA0DA-D20B-40AA-BE7E-5D7763101B2D}.Debug|x86.Build.0 = Debug|Any CPU
		{682EA0DA-D20B-40AA-BE7E-5D7763101B2D}.Release|Any CPU.ActiveCfg = Release|Any CPU
		{682EA0DA-D20B-40AA-BE7E-5D7763101B2D}.Release|Any CPU.Build.0 = Release|Any CPU
		{682EA0DA-D20B-40AA-BE7E-5D7763101B2D}.Release|x86.ActiveCfg = Release|Any CPU
		{682EA0DA-D20B-40AA-BE7E-5D7763101B2D}.Release|x86.Build.0 = Release|Any CPU
		{A62FA553-1DFC-4BC8-AB5D-7FC8688EC8AC}.Debug|Any CPU.ActiveCfg = Debug|Any CPU
		{A62FA553-1DFC-4BC8-AB5D-7FC8688EC8AC}.Debug|Any CPU.Build.0 = Debug|Any CPU
		{A62FA553-1DFC-4BC8-AB5D-7FC8688EC8AC}.Debug|x86.ActiveCfg = Debug|Any CPU
		{A62FA553-1DFC-4BC8-AB5D-7FC8688EC8AC}.Debug|x86.Build.0 = Debug|Any CPU
		{A62FA553-1DFC-4BC8-AB5D-7FC8688EC8AC}.Release|Any CPU.ActiveCfg = Release|Any CPU
		{A62FA553-1DFC-4BC8-AB5D-7FC8688EC8AC}.Release|Any CPU.Build.0 = Release|Any CPU
		{A62FA553-1DFC-4BC8-AB5D-7FC8688EC8AC}.Release|x86.ActiveCfg = Release|Any CPU
		{A62FA553-1DFC-4BC8-AB5D-7FC8688EC8AC}.Release|x86.Build.0 = Release|Any CPU
	EndGlobalSection
	GlobalSection(SolutionProperties) = preSolution
		HideSolutionNode = FALSE
	EndGlobalSection
	GlobalSection(NestedProjects) = preSolution
		{750665ED-5A2D-4FCE-B34E-B9D36D1D62CE} = {BDE6E425-88E6-447C-AD34-52FCBEDFF0BF}
		{A1FB7498-B268-44A6-948F-15F7FE600D29} = {BDE6E425-88E6-447C-AD34-52FCBEDFF0BF}
		{E1AF728A-2F56-4CA0-BCE9-B5F7047394CF} = {BDE6E425-88E6-447C-AD34-52FCBEDFF0BF}
		{C9C99F87-E188-49D2-A323-09FE79F39F8D} = {BDE6E425-88E6-447C-AD34-52FCBEDFF0BF}
		{1DC565C3-5C3F-4187-B188-C16F911F46DA} = {BDE6E425-88E6-447C-AD34-52FCBEDFF0BF}
		{183F2FBC-825D-478D-B4EF-AB0CA99DD742} = {AB8A21E0-FF00-4124-B96D-3AD8E65DE3D1}
		{41ACAACC-3033-400A-AF65-0E5F9A4D6254} = {719CBE8F-CA71-4929-A58B-F64567585C41}
		{76A0440A-91E1-454C-AEAB-6882AE8A38EE} = {4FAC9307-0682-4E8C-B50D-1D7A0D745D9E}
		{6379835A-C648-4E3C-BD5D-726DA625AF55} = {87B33B6C-A7CD-4689-BD55-C387654DB91A}
		{3E0E93F0-B846-4284-963E-B5876659DB8A} = {A389C93B-3D76-4B53-AA2B-D4084A4DF052}
		{980104BF-61A9-4C0E-8FB6-DD48E8D37854} = {7AF8FBE3-160C-45AA-9D76-BF5E0C52CB49}
		{3AFC5231-9CA4-49AE-979E-1F92F45FBCEB} = {7AF8FBE3-160C-45AA-9D76-BF5E0C52CB49}
		{825700A8-3C7C-4CB2-A692-A4F37FC6C04C} = {7AF8FBE3-160C-45AA-9D76-BF5E0C52CB49}
		{682EA0DA-D20B-40AA-BE7E-5D7763101B2D} = {7AF8FBE3-160C-45AA-9D76-BF5E0C52CB49}
		{A62FA553-1DFC-4BC8-AB5D-7FC8688EC8AC} = {D0E3178A-A5A6-4F65-89B0-85585FF29B82}
	EndGlobalSection
	GlobalSection(ExtensibilityGlobals) = postSolution
		SolutionGuid = {C0392175-DA73-4487-8109-34B1B11A4298}
	EndGlobalSection
EndGlobal
